
Microsoft Visual Studio Solution File, Format Version 12.00
# Visual Studio Version 17
VisualStudioVersion = 17.1.32407.343
MinimumVisualStudioVersion = 10.0.40219.1
Project("{9A19103F-16F7-4668-BE54-9A1E7A4F7556}") = "FaceRecognition.NET", "FaceRecognition.NET\FaceRecognition.NET.csproj", "{CC606E8B-D700-499D-AC4A-ED0E3FA4261C}"
EndProject
Global
	GlobalSection(SolutionConfigurationPlatforms) = preSolution
		Debug|Any CPU = Debug|Any CPU
		Release|Any CPU = Release|Any CPU
	EndGlobalSection
	GlobalSection(ProjectConfigurationPlatforms) = postSolution
		{CC606E8B-D700-499D-AC4A-ED0E3FA4261C}.Debug|Any CPU.ActiveCfg = Debug|Any CPU
		{CC606E8B-D700-499D-AC4A-ED0E3FA4261C}.Debug|Any CPU.Build.0 = Debug|Any CPU
		{CC606E8B-D700-499D-AC4A-ED0E3FA4261C}.Release|Any CPU.ActiveCfg = Release|Any CPU
		{CC606E8B-D700-499D-AC4A-ED0E3FA4261C}.Release|Any CPU.Build.0 = Release|Any CPU
	EndGlobalSection
	GlobalSection(SolutionProperties) = preSolution
		HideSolutionNode = FALSE
	EndGlobalSection
	GlobalSection(ExtensibilityGlobals) = postSolution
		SolutionGuid = {78977495-12F4-406D-986A-AAF85AA3EC3E}
	EndGlobalSection
EndGlobal
